// !$*UTF8*$!
{
	archiveVersion = 1;
	classes = {
	};
	objectVersion = 46;
	objects = {

/* Begin PBXBuildFile section */
		DB27C3871C0E8A350010D05D /* Course.cpp in Sources */ = {isa = PBXBuildFile; fileRef = DB27C37A1C0E8A350010D05D /* Course.cpp */; settings = {ASSET_TAGS = (); }; };
		DB27C3881C0E8A350010D05D /* Helper.cpp in Sources */ = {isa = PBXBuildFile; fileRef = DB27C37D1C0E8A350010D05D /* Helper.cpp */; settings = {ASSET_TAGS = (); }; };
		DB27C3891C0E8A350010D05D /* main.cpp in Sources */ = {isa = PBXBuildFile; fileRef = DB27C37E1C0E8A350010D05D /* main.cpp */; settings = {ASSET_TAGS = (); }; };
		DB27C38A1C0E8A350010D05D /* FileIO.cpp in Sources */ = {isa = PBXBuildFile; fileRef = DB27C3821C0E8A350010D05D /* FileIO.cpp */; settings = {ASSET_TAGS = (); }; };
/* End PBXBuildFile section */

/* Begin PBXCopyFilesBuildPhase section */
		DB662AF51BFBD81B00232712 /* CopyFiles */ = {
			isa = PBXCopyFilesBuildPhase;
			buildActionMask = 2147483647;
			dstPath = /usr/share/man/man1/;
			dstSubfolderSpec = 0;
			files = (
			);
			runOnlyForDeploymentPostprocessing = 1;
		};
/* End PBXCopyFilesBuildPhase section */

/* Begin PBXFileReference section */
		DB27C3791C0E8A350010D05D /* cis_classes.txt */ = {isa = PBXFileReference; fileEncoding = 4; lastKnownFileType = text; name = cis_classes.txt; path = "../../../../Library/Containers/com.apple.mail/Data/Library/Mail Downloads/EEDCDBD0-1D1F-4534-B494-2DD3128E3460/Team project/cis_classes.txt"; sourceTree = "<group>"; };
		DB27C37A1C0E8A350010D05D /* Course.cpp */ = {isa = PBXFileReference; fileEncoding = 4; lastKnownFileType = sourcecode.cpp.cpp; name = Course.cpp; path = "../../../../Library/Containers/com.apple.mail/Data/Library/Mail Downloads/EEDCDBD0-1D1F-4534-B494-2DD3128E3460/Team project/Course.cpp"; sourceTree = "<group>"; };
		DB27C37B1C0E8A350010D05D /* Course.h */ = {isa = PBXFileReference; fileEncoding = 4; lastKnownFileType = sourcecode.c.h; name = Course.h; path = "../../../../Library/Containers/com.apple.mail/Data/Library/Mail Downloads/EEDCDBD0-1D1F-4534-B494-2DD3128E3460/Team project/Course.h"; sourceTree = "<group>"; };
		DB27C37C1C0E8A350010D05D /* Hash.h */ = {isa = PBXFileReference; fileEncoding = 4; lastKnownFileType = sourcecode.c.h; name = Hash.h; path = "../../../../Library/Containers/com.apple.mail/Data/Library/Mail Downloads/EEDCDBD0-1D1F-4534-B494-2DD3128E3460/Team project/Hash.h"; sourceTree = "<group>"; };
		DB27C37D1C0E8A350010D05D /* Helper.cpp */ = {isa = PBXFileReference; fileEncoding = 4; lastKnownFileType = sourcecode.cpp.cpp; name = Helper.cpp; path = "../../../../Library/Containers/com.apple.mail/Data/Library/Mail Downloads/EEDCDBD0-1D1F-4534-B494-2DD3128E3460/Team project/Helper.cpp"; sourceTree = "<group>"; };
		DB27C37E1C0E8A350010D05D /* main.cpp */ = {isa = PBXFileReference; fileEncoding = 4; lastKnownFileType = sourcecode.cpp.cpp; name = main.cpp; path = "../../../../Library/Containers/com.apple.mail/Data/Library/Mail Downloads/EEDCDBD0-1D1F-4534-B494-2DD3128E3460/Team project/main.cpp"; sourceTree = "<group>"; };
		DB27C37F1C0E8A350010D05D /* BinaryNode.h */ = {isa = PBXFileReference; fileEncoding = 4; lastKnownFileType = sourcecode.c.h; name = BinaryNode.h; path = "../../../../Library/Containers/com.apple.mail/Data/Library/Mail Downloads/EEDCDBD0-1D1F-4534-B494-2DD3128E3460/Team project/BinaryNode.h"; sourceTree = "<group>"; };
		DB27C3801C0E8A350010D05D /* BinarySearchTree.h */ = {isa = PBXFileReference; fileEncoding = 4; lastKnownFileType = sourcecode.c.h; name = BinarySearchTree.h; path = "../../../../Library/Containers/com.apple.mail/Data/Library/Mail Downloads/EEDCDBD0-1D1F-4534-B494-2DD3128E3460/Team project/BinarySearchTree.h"; sourceTree = "<group>"; };
		DB27C3811C0E8A350010D05D /* BinaryTree.h */ = {isa = PBXFileReference; fileEncoding = 4; lastKnownFileType = sourcecode.c.h; name = BinaryTree.h; path = "../../../../Library/Containers/com.apple.mail/Data/Library/Mail Downloads/EEDCDBD0-1D1F-4534-B494-2DD3128E3460/Team project/BinaryTree.h"; sourceTree = "<group>"; };
		DB27C3821C0E8A350010D05D /* FileIO.cpp */ = {isa = PBXFileReference; fileEncoding = 4; lastKnownFileType = sourcecode.cpp.cpp; name = FileIO.cpp; path = "../../../../Library/Containers/com.apple.mail/Data/Library/Mail Downloads/EEDCDBD0-1D1F-4534-B494-2DD3128E3460/Team project/FileIO.cpp"; sourceTree = "<group>"; };
		DB27C3831C0E8A350010D05D /* FileIO.h */ = {isa = PBXFileReference; fileEncoding = 4; lastKnownFileType = sourcecode.c.h; name = FileIO.h; path = "../../../../Library/Containers/com.apple.mail/Data/Library/Mail Downloads/EEDCDBD0-1D1F-4534-B494-2DD3128E3460/Team project/FileIO.h"; sourceTree = "<group>"; };
		DB27C3841C0E8A350010D05D /* Helper.h */ = {isa = PBXFileReference; fileEncoding = 4; lastKnownFileType = sourcecode.c.h; name = Helper.h; path = "../../../../Library/Containers/com.apple.mail/Data/Library/Mail Downloads/EEDCDBD0-1D1F-4534-B494-2DD3128E3460/Team project/Helper.h"; sourceTree = "<group>"; };
		DB27C3851C0E8A350010D05D /* Queue.h */ = {isa = PBXFileReference; fileEncoding = 4; lastKnownFileType = sourcecode.c.h; name = Queue.h; path = "../../../../Library/Containers/com.apple.mail/Data/Library/Mail Downloads/EEDCDBD0-1D1F-4534-B494-2DD3128E3460/Team project/Queue.h"; sourceTree = "<group>"; };
		DB27C3861C0E8A350010D05D /* Stack.h */ = {isa = PBXFileReference; fileEncoding = 4; lastKnownFileType = sourcecode.c.h; name = Stack.h; path = "../../../../Library/Containers/com.apple.mail/Data/Library/Mail Downloads/EEDCDBD0-1D1F-4534-B494-2DD3128E3460/Team project/Stack.h"; sourceTree = "<group>"; };
		DB662AF71BFBD81B00232712 /* TeamProject */ = {isa = PBXFileReference; explicitFileType = "compiled.mach-o.executable"; includeInIndex = 0; path = TeamProject; sourceTree = BUILT_PRODUCTS_DIR; };
/* End PBXFileReference section */

/* Begin PBXFrameworksBuildPhase section */
		DB662AF41BFBD81B00232712 /* Frameworks */ = {
			isa = PBXFrameworksBuildPhase;
			buildActionMask = 2147483647;
			files = (
			);
			runOnlyForDeploymentPostprocessing = 0;
		};
/* End PBXFrameworksBuildPhase section */

/* Begin PBXGroup section */
		DB662AEE1BFBD81B00232712 = {
			isa = PBXGroup;
			children = (
				DB662AF91BFBD81B00232712 /* TeamProject */,
				DB662AF81BFBD81B00232712 /* Products */,
			);
			sourceTree = "<group>";
		};
		DB662AF81BFBD81B00232712 /* Products */ = {
			isa = PBXGroup;
			children = (
				DB662AF71BFBD81B00232712 /* TeamProject */,
			);
			name = Products;
			sourceTree = "<group>";
		};
		DB662AF91BFBD81B00232712 /* TeamProject */ = {
			isa = PBXGroup;
			children = (
				DB27C3791C0E8A350010D05D /* cis_classes.txt */,
				DB27C37A1C0E8A350010D05D /* Course.cpp */,
				DB27C37B1C0E8A350010D05D /* Course.h */,
				DB27C37C1C0E8A350010D05D /* Hash.h */,
				DB27C37D1C0E8A350010D05D /* Helper.cpp */,
				DB27C37E1C0E8A350010D05D /* main.cpp */,
				DB27C37F1C0E8A350010D05D /* BinaryNode.h */,
				DB27C3801C0E8A350010D05D /* BinarySearchTree.h */,
				DB27C3811C0E8A350010D05D /* BinaryTree.h */,
				DB27C3821C0E8A350010D05D /* FileIO.cpp */,
				DB27C3831C0E8A350010D05D /* FileIO.h */,
				DB27C3841C0E8A350010D05D /* Helper.h */,
				DB27C3851C0E8A350010D05D /* Queue.h */,
				DB27C3861C0E8A350010D05D /* Stack.h */,
			);
			path = TeamProject;
			sourceTree = "<group>";
		};
/* End PBXGroup section */

/* Begin PBXNativeTarget section */
		DB662AF61BFBD81B00232712 /* TeamProject */ = {
			isa = PBXNativeTarget;
			buildConfigurationList = DB662AFE1BFBD81B00232712 /* Build configuration list for PBXNativeTarget "TeamProject" */;
			buildPhases = (
				DB662AF31BFBD81B00232712 /* Sources */,
				DB662AF41BFBD81B00232712 /* Frameworks */,
				DB662AF51BFBD81B00232712 /* CopyFiles */,
			);
			buildRules = (
			);
			dependencies = (
			);
			name = TeamProject;
			productName = TeamProject;
			productReference = DB662AF71BFBD81B00232712 /* TeamProject */;
			productType = "com.apple.product-type.tool";
		};
/* End PBXNativeTarget section */

/* Begin PBXProject section */
		DB662AEF1BFBD81B00232712 /* Project object */ = {
			isa = PBXProject;
			attributes = {
				LastUpgradeCheck = 0700;
				ORGANIZATIONNAME = "Alexander's Awesome Program";
				TargetAttributes = {
					DB662AF61BFBD81B00232712 = {
						CreatedOnToolsVersion = 7.0;
					};
				};
			};
			buildConfigurationList = DB662AF21BFBD81B00232712 /* Build configuration list for PBXProject "TeamProject" */;
			compatibilityVersion = "Xcode 3.2";
			developmentRegion = English;
			hasScannedForEncodings = 0;
			knownRegions = (
				en,
			);
			mainGroup = DB662AEE1BFBD81B00232712;
			productRefGroup = DB662AF81BFBD81B00232712 /* Products */;
			projectDirPath = "";
			projectRoot = "";
			targets = (
				DB662AF61BFBD81B00232712 /* TeamProject */,
			);
		};
/* End PBXProject section */

/* Begin PBXSourcesBuildPhase section */
		DB662AF31BFBD81B00232712 /* Sources */ = {
			isa = PBXSourcesBuildPhase;
			buildActionMask = 2147483647;
			files = (
				DB27C3871C0E8A350010D05D /* Course.cpp in Sources */,
				DB27C3881C0E8A350010D05D /* Helper.cpp in Sources */,
				DB27C3891C0E8A350010D05D /* main.cpp in Sources */,
				DB27C38A1C0E8A350010D05D /* FileIO.cpp in Sources */,
			);
			runOnlyForDeploymentPostprocessing = 0;
		};
/* End PBXSourcesBuildPhase section */

/* Begin XCBuildConfiguration section */
		DB662AFC1BFBD81B00232712 /* Debug */ = {
			isa = XCBuildConfiguration;
			buildSettings = {
				ALWAYS_SEARCH_USER_PATHS = NO;
				CLANG_CXX_LANGUAGE_STANDARD = "gnu++0x";
				CLANG_CXX_LIBRARY = "libc++";
				CLANG_ENABLE_MODULES = YES;
				CLANG_ENABLE_OBJC_ARC = YES;
				CLANG_WARN_BOOL_CONVERSION = YES;
				CLANG_WARN_CONSTANT_CONVERSION = YES;
				CLANG_WARN_DIRECT_OBJC_ISA_USAGE = YES_ERROR;
				CLANG_WARN_EMPTY_BODY = YES;
				CLANG_WARN_ENUM_CONVERSION = YES;
				CLANG_WARN_INT_CONVERSION = YES;
				CLANG_WARN_OBJC_ROOT_CLASS = YES_ERROR;
				CLANG_WARN_UNREACHABLE_CODE = YES;
				CLANG_WARN__DUPLICATE_METHOD_MATCH = YES;
				COPY_PHASE_STRIP = NO;
				DEBUG_INFORMATION_FORMAT = dwarf;
				ENABLE_STRICT_OBJC_MSGSEND = YES;
				ENABLE_TESTABILITY = YES;
				GCC_C_LANGUAGE_STANDARD = gnu99;
				GCC_DYNAMIC_NO_PIC = NO;
				GCC_NO_COMMON_BLOCKS = YES;
				GCC_OPTIMIZATION_LEVEL = 0;
				GCC_PREPROCESSOR_DEFINITIONS = (
					"DEBUG=1",
					"$(inherited)",
				);
				GCC_WARN_64_TO_32_BIT_CONVERSION = YES;
				GCC_WARN_ABOUT_RETURN_TYPE = YES_ERROR;
				GCC_WARN_UNDECLARED_SELECTOR = YES;
				GCC_WARN_UNINITIALIZED_AUTOS = YES_AGGRESSIVE;
				GCC_WARN_UNUSED_FUNCTION = YES;
				GCC_WARN_UNUSED_VARIABLE = YES;
				MACOSX_DEPLOYMENT_TARGET = 10.11;
				MTL_ENABLE_DEBUG_INFO = YES;
				ONLY_ACTIVE_ARCH = YES;
				SDKROOT = macosx;
			};
			name = Debug;
		};
		DB662AFD1BFBD81B00232712 /* Release */ = {
			isa = XCBuildConfiguration;
			buildSettings = {
				ALWAYS_SEARCH_USER_PATHS = NO;
				CLANG_CXX_LANGUAGE_STANDARD = "gnu++0x";
				CLANG_CXX_LIBRARY = "libc++";
				CLANG_ENABLE_MODULES = YES;
				CLANG_ENABLE_OBJC_ARC = YES;
				CLANG_WARN_BOOL_CONVERSION = YES;
				CLANG_WARN_CONSTANT_CONVERSION = YES;
				CLANG_WARN_DIRECT_OBJC_ISA_USAGE = YES_ERROR;
				CLANG_WARN_EMPTY_BODY = YES;
				CLANG_WARN_ENUM_CONVERSION = YES;
				CLANG_WARN_INT_CONVERSION = YES;
				CLANG_WARN_OBJC_ROOT_CLASS = YES_ERROR;
				CLANG_WARN_UNREACHABLE_CODE = YES;
				CLANG_WARN__DUPLICATE_METHOD_MATCH = YES;
				COPY_PHASE_STRIP = NO;
				DEBUG_INFORMATION_FORMAT = "dwarf-with-dsym";
				ENABLE_NS_ASSERTIONS = NO;
				ENABLE_STRICT_OBJC_MSGSEND = YES;
				GCC_C_LANGUAGE_STANDARD = gnu99;
				GCC_NO_COMMON_BLOCKS = YES;
				GCC_WARN_64_TO_32_BIT_CONVERSION = YES;
				GCC_WARN_ABOUT_RETURN_TYPE = YES_ERROR;
				GCC_WARN_UNDECLARED_SELECTOR = YES;
				GCC_WARN_UNINITIALIZED_AUTOS = YES_AGGRESSIVE;
				GCC_WARN_UNUSED_FUNCTION = YES;
				GCC_WARN_UNUSED_VARIABLE = YES;
				MACOSX_DEPLOYMENT_TARGET = 10.11;
				MTL_ENABLE_DEBUG_INFO = NO;
				SDKROOT = macosx;
			};
			name = Release;
		};
		DB662AFF1BFBD81B00232712 /* Debug */ = {
			isa = XCBuildConfiguration;
			buildSettings = {
				PRODUCT_NAME = "$(TARGET_NAME)";
			};
			name = Debug;
		};
		DB662B001BFBD81B00232712 /* Release */ = {
			isa = XCBuildConfiguration;
			buildSettings = {
				PRODUCT_NAME = "$(TARGET_NAME)";
			};
			name = Release;
		};
/* End XCBuildConfiguration section */

/* Begin XCConfigurationList section */
		DB662AF21BFBD81B00232712 /* Build configuration list for PBXProject "TeamProject" */ = {
			isa = XCConfigurationList;
			buildConfigurations = (
				DB662AFC1BFBD81B00232712 /* Debug */,
				DB662AFD1BFBD81B00232712 /* Release */,
			);
			defaultConfigurationIsVisible = 0;
			defaultConfigurationName = Release;
		};
		DB662AFE1BFBD81B00232712 /* Build configuration list for PBXNativeTarget "TeamProject" */ = {
			isa = XCConfigurationList;
			buildConfigurations = (
				DB662AFF1BFBD81B00232712 /* Debug */,
				DB662B001BFBD81B00232712 /* Release */,
			);
			defaultConfigurationIsVisible = 0;
			defaultConfigurationName = Release;
		};
/* End XCConfigurationList section */
	};
	rootObject = DB662AEF1BFBD81B00232712 /* Project object */;
}
